// !$*UTF8*$!
{
	archiveVersion = 1;
	classes = {
	};
	objectVersion = 48;
	objects = {

/* Begin PBXBuildFile section */
		6005CB5D1F9D3FD900C8A311 /* AppDelegate.swift in Sources */ = {isa = PBXBuildFile; fileRef = 6005CB5C1F9D3FD900C8A311 /* AppDelegate.swift */; };
		6005CB5F1F9D3FD900C8A311 /* ViewController.swift in Sources */ = {isa = PBXBuildFile; fileRef = 6005CB5E1F9D3FD900C8A311 /* ViewController.swift */; };
		6005CB621F9D3FD900C8A311 /* Main.storyboard in Resources */ = {isa = PBXBuildFile; fileRef = 6005CB601F9D3FD900C8A311 /* Main.storyboard */; };
		6005CB641F9D3FD900C8A311 /* Assets.xcassets in Resources */ = {isa = PBXBuildFile; fileRef = 6005CB631F9D3FD900C8A311 /* Assets.xcassets */; };
		6005CB671F9D3FD900C8A311 /* LaunchScreen.storyboard in Resources */ = {isa = PBXBuildFile; fileRef = 6005CB651F9D3FD900C8A311 /* LaunchScreen.storyboard */; };
		6005CB721F9D3FDA00C8A311 /* LFMAppTests.swift in Sources */ = {isa = PBXBuildFile; fileRef = 6005CB711F9D3FDA00C8A311 /* LFMAppTests.swift */; };
		6005CB7D1F9D3FDA00C8A311 /* LFMAppUITests.swift in Sources */ = {isa = PBXBuildFile; fileRef = 6005CB7C1F9D3FDA00C8A311 /* LFMAppUITests.swift */; };
		6005CB9A1F9D412800C8A311 /* LFMAlbumDataTests.swift in Sources */ = {isa = PBXBuildFile; fileRef = 6005CB991F9D412800C8A311 /* LFMAlbumDataTests.swift */; };
		6005CB9C1F9D41B900C8A311 /* LFMConstants.swift in Sources */ = {isa = PBXBuildFile; fileRef = 6005CB9B1F9D41B900C8A311 /* LFMConstants.swift */; };
		6005CB9E1F9D439000C8A311 /* LFMAlbumData.swift in Sources */ = {isa = PBXBuildFile; fileRef = 6005CB9D1F9D439000C8A311 /* LFMAlbumData.swift */; };
		6005CBA01F9D461600C8A311 /* LFMAlbum.swift in Sources */ = {isa = PBXBuildFile; fileRef = 6005CB9F1F9D461600C8A311 /* LFMAlbum.swift */; };
		6005CBA21F9D476E00C8A311 /* LFMAlbumTests.swift in Sources */ = {isa = PBXBuildFile; fileRef = 6005CBA11F9D476E00C8A311 /* LFMAlbumTests.swift */; };
/* End PBXBuildFile section */

/* Begin PBXContainerItemProxy section */
		6005CB6E1F9D3FD900C8A311 /* PBXContainerItemProxy */ = {
			isa = PBXContainerItemProxy;
			containerPortal = 6005CB511F9D3FD900C8A311 /* Project object */;
			proxyType = 1;
			remoteGlobalIDString = 6005CB581F9D3FD900C8A311;
			remoteInfo = LFMApp;
		};
		6005CB791F9D3FDA00C8A311 /* PBXContainerItemProxy */ = {
			isa = PBXContainerItemProxy;
			containerPortal = 6005CB511F9D3FD900C8A311 /* Project object */;
			proxyType = 1;
			remoteGlobalIDString = 6005CB581F9D3FD900C8A311;
			remoteInfo = LFMApp;
		};
/* End PBXContainerItemProxy section */

/* Begin PBXFileReference section */
		6005CB591F9D3FD900C8A311 /* LFMApp.app */ = {isa = PBXFileReference; explicitFileType = wrapper.application; includeInIndex = 0; path = LFMApp.app; sourceTree = BUILT_PRODUCTS_DIR; };
		6005CB5C1F9D3FD900C8A311 /* AppDelegate.swift */ = {isa = PBXFileReference; lastKnownFileType = sourcecode.swift; path = AppDelegate.swift; sourceTree = "<group>"; };
		6005CB5E1F9D3FD900C8A311 /* ViewController.swift */ = {isa = PBXFileReference; lastKnownFileType = sourcecode.swift; path = ViewController.swift; sourceTree = "<group>"; };
		6005CB611F9D3FD900C8A311 /* Base */ = {isa = PBXFileReference; lastKnownFileType = file.storyboard; name = Base; path = Base.lproj/Main.storyboard; sourceTree = "<group>"; };
		6005CB631F9D3FD900C8A311 /* Assets.xcassets */ = {isa = PBXFileReference; lastKnownFileType = folder.assetcatalog; path = Assets.xcassets; sourceTree = "<group>"; };
		6005CB661F9D3FD900C8A311 /* Base */ = {isa = PBXFileReference; lastKnownFileType = file.storyboard; name = Base; path = Base.lproj/LaunchScreen.storyboard; sourceTree = "<group>"; };
		6005CB681F9D3FD900C8A311 /* Info.plist */ = {isa = PBXFileReference; lastKnownFileType = text.plist.xml; path = Info.plist; sourceTree = "<group>"; };
		6005CB6D1F9D3FD900C8A311 /* LFMAppTests.xctest */ = {isa = PBXFileReference; explicitFileType = wrapper.cfbundle; includeInIndex = 0; path = LFMAppTests.xctest; sourceTree = BUILT_PRODUCTS_DIR; };
		6005CB711F9D3FDA00C8A311 /* LFMAppTests.swift */ = {isa = PBXFileReference; lastKnownFileType = sourcecode.swift; path = LFMAppTests.swift; sourceTree = "<group>"; };
		6005CB731F9D3FDA00C8A311 /* Info.plist */ = {isa = PBXFileReference; lastKnownFileType = text.plist.xml; path = Info.plist; sourceTree = "<group>"; };
		6005CB781F9D3FDA00C8A311 /* LFMAppUITests.xctest */ = {isa = PBXFileReference; explicitFileType = wrapper.cfbundle; includeInIndex = 0; path = LFMAppUITests.xctest; sourceTree = BUILT_PRODUCTS_DIR; };
		6005CB7C1F9D3FDA00C8A311 /* LFMAppUITests.swift */ = {isa = PBXFileReference; lastKnownFileType = sourcecode.swift; path = LFMAppUITests.swift; sourceTree = "<group>"; };
		6005CB7E1F9D3FDA00C8A311 /* Info.plist */ = {isa = PBXFileReference; lastKnownFileType = text.plist.xml; path = Info.plist; sourceTree = "<group>"; };
		6005CB991F9D412800C8A311 /* LFMAlbumDataTests.swift */ = {isa = PBXFileReference; lastKnownFileType = sourcecode.swift; path = LFMAlbumDataTests.swift; sourceTree = "<group>"; };
		6005CB9B1F9D41B900C8A311 /* LFMConstants.swift */ = {isa = PBXFileReference; lastKnownFileType = sourcecode.swift; path = LFMConstants.swift; sourceTree = "<group>"; };
		6005CB9D1F9D439000C8A311 /* LFMAlbumData.swift */ = {isa = PBXFileReference; lastKnownFileType = sourcecode.swift; path = LFMAlbumData.swift; sourceTree = "<group>"; };
		6005CB9F1F9D461600C8A311 /* LFMAlbum.swift */ = {isa = PBXFileReference; lastKnownFileType = sourcecode.swift; path = LFMAlbum.swift; sourceTree = "<group>"; };
		6005CBA11F9D476E00C8A311 /* LFMAlbumTests.swift */ = {isa = PBXFileReference; lastKnownFileType = sourcecode.swift; path = LFMAlbumTests.swift; sourceTree = "<group>"; };
/* End PBXFileReference section */

/* Begin PBXFrameworksBuildPhase section */
		6005CB561F9D3FD900C8A311 /* Frameworks */ = {
			isa = PBXFrameworksBuildPhase;
			buildActionMask = 2147483647;
			files = (
			);
			runOnlyForDeploymentPostprocessing = 0;
		};
		6005CB6A1F9D3FD900C8A311 /* Frameworks */ = {
			isa = PBXFrameworksBuildPhase;
			buildActionMask = 2147483647;
			files = (
			);
			runOnlyForDeploymentPostprocessing = 0;
		};
		6005CB751F9D3FDA00C8A311 /* Frameworks */ = {
			isa = PBXFrameworksBuildPhase;
			buildActionMask = 2147483647;
			files = (
			);
			runOnlyForDeploymentPostprocessing = 0;
		};
/* End PBXFrameworksBuildPhase section */

/* Begin PBXGroup section */
		6005CB501F9D3FD900C8A311 = {
			isa = PBXGroup;
			children = (
				6005CB5B1F9D3FD900C8A311 /* LFMApp */,
				6005CB701F9D3FDA00C8A311 /* LFMAppTests */,
				6005CB7B1F9D3FDA00C8A311 /* LFMAppUITests */,
				6005CB5A1F9D3FD900C8A311 /* Products */,
			);
			sourceTree = "<group>";
		};
		6005CB5A1F9D3FD900C8A311 /* Products */ = {
			isa = PBXGroup;
			children = (
				6005CB591F9D3FD900C8A311 /* LFMApp.app */,
				6005CB6D1F9D3FD900C8A311 /* LFMAppTests.xctest */,
				6005CB781F9D3FDA00C8A311 /* LFMAppUITests.xctest */,
			);
			name = Products;
			sourceTree = "<group>";
		};
		6005CB5B1F9D3FD900C8A311 /* LFMApp */ = {
			isa = PBXGroup;
			children = (
				6005CB971F9D40D400C8A311 /* Models */,
				6005CB8E1F9D402200C8A311 /* protocols */,
				6005CB8D1F9D401E00C8A311 /* ViewModels */,
				6005CB8C1F9D401900C8A311 /* Controllers */,
				6005CB8B1F9D401000C8A311 /* Views */,
				6005CB8A1F9D3FE300C8A311 /* supporting files  */,
				6005CB601F9D3FD900C8A311 /* Main.storyboard */,
				6005CB5E1F9D3FD900C8A311 /* ViewController.swift */,
				6005CB681F9D3FD900C8A311 /* Info.plist */,
				6005CB9B1F9D41B900C8A311 /* LFMConstants.swift */,
			);
			path = LFMApp;
			sourceTree = "<group>";
		};
		6005CB701F9D3FDA00C8A311 /* LFMAppTests */ = {
			isa = PBXGroup;
			children = (
				6005CB981F9D40E600C8A311 /* TestData */,
				6005CB961F9D40CE00C8A311 /* ModelTests */,
				6005CB941F9D40B600C8A311 /* ServiceTests */,
				6005CB931F9D404B00C8A311 /* ControllerTests */,
				6005CB921F9D404700C8A311 /* Mocks */,
				6005CB911F9D403F00C8A311 /* Stubs */,
				6005CB901F9D403300C8A311 /* ViewModelTests */,
				6005CB8F1F9D402B00C8A311 /* ViewTests */,
				6005CB711F9D3FDA00C8A311 /* LFMAppTests.swift */,
				6005CB731F9D3FDA00C8A311 /* Info.plist */,
			);
			path = LFMAppTests;
			sourceTree = "<group>";
		};
		6005CB7B1F9D3FDA00C8A311 /* LFMAppUITests */ = {
			isa = PBXGroup;
			children = (
				6005CB7C1F9D3FDA00C8A311 /* LFMAppUITests.swift */,
				6005CB7E1F9D3FDA00C8A311 /* Info.plist */,
			);
			path = LFMAppUITests;
			sourceTree = "<group>";
		};
		6005CB8A1F9D3FE300C8A311 /* supporting files  */ = {
			isa = PBXGroup;
			children = (
				6005CB631F9D3FD900C8A311 /* Assets.xcassets */,
				6005CB651F9D3FD900C8A311 /* LaunchScreen.storyboard */,
				6005CB5C1F9D3FD900C8A311 /* AppDelegate.swift */,
			);
			path = "supporting files ";
			sourceTree = "<group>";
		};
		6005CB8B1F9D401000C8A311 /* Views */ = {
			isa = PBXGroup;
			children = (
			);
			path = Views;
			sourceTree = "<group>";
		};
		6005CB8C1F9D401900C8A311 /* Controllers */ = {
			isa = PBXGroup;
			children = (
			);
			path = Controllers;
			sourceTree = "<group>";
		};
		6005CB8D1F9D401E00C8A311 /* ViewModels */ = {
			isa = PBXGroup;
			children = (
			);
			path = ViewModels;
			sourceTree = "<group>";
		};
		6005CB8E1F9D402200C8A311 /* protocols */ = {
			isa = PBXGroup;
			children = (
			);
			path = protocols;
			sourceTree = "<group>";
		};
		6005CB8F1F9D402B00C8A311 /* ViewTests */ = {
			isa = PBXGroup;
			children = (
			);
			path = ViewTests;
			sourceTree = "<group>";
		};
		6005CB901F9D403300C8A311 /* ViewModelTests */ = {
			isa = PBXGroup;
			children = (
			);
			path = ViewModelTests;
			sourceTree = "<group>";
		};
		6005CB911F9D403F00C8A311 /* Stubs */ = {
			isa = PBXGroup;
			children = (
			);
			path = Stubs;
			sourceTree = "<group>";
		};
		6005CB921F9D404700C8A311 /* Mocks */ = {
			isa = PBXGroup;
			children = (
			);
			path = Mocks;
			sourceTree = "<group>";
		};
		6005CB931F9D404B00C8A311 /* ControllerTests */ = {
			isa = PBXGroup;
			children = (
			);
			path = ControllerTests;
			sourceTree = "<group>";
		};
		6005CB941F9D40B600C8A311 /* ServiceTests */ = {
			isa = PBXGroup;
			children = (
			);
			path = ServiceTests;
			sourceTree = "<group>";
		};
		6005CB961F9D40CE00C8A311 /* ModelTests */ = {
			isa = PBXGroup;
			children = (
				6005CB991F9D412800C8A311 /* LFMAlbumDataTests.swift */,
				6005CBA11F9D476E00C8A311 /* LFMAlbumTests.swift */,
			);
			path = ModelTests;
			sourceTree = "<group>";
		};
		6005CB971F9D40D400C8A311 /* Models */ = {
			isa = PBXGroup;
			children = (
				6005CB9D1F9D439000C8A311 /* LFMAlbumData.swift */,
				6005CB9F1F9D461600C8A311 /* LFMAlbum.swift */,
			);
			path = Models;
			sourceTree = "<group>";
		};
		6005CB981F9D40E600C8A311 /* TestData */ = {
			isa = PBXGroup;
			children = (
			);
			path = TestData;
			sourceTree = "<group>";
		};
/* End PBXGroup section */

/* Begin PBXNativeTarget section */
		6005CB581F9D3FD900C8A311 /* LFMApp */ = {
			isa = PBXNativeTarget;
			buildConfigurationList = 6005CB811F9D3FDA00C8A311 /* Build configuration list for PBXNativeTarget "LFMApp" */;
			buildPhases = (
				6005CB551F9D3FD900C8A311 /* Sources */,
				6005CB561F9D3FD900C8A311 /* Frameworks */,
				6005CB571F9D3FD900C8A311 /* Resources */,
			);
			buildRules = (
			);
			dependencies = (
			);
			name = LFMApp;
			productName = LFMApp;
			productReference = 6005CB591F9D3FD900C8A311 /* LFMApp.app */;
			productType = "com.apple.product-type.application";
		};
		6005CB6C1F9D3FD900C8A311 /* LFMAppTests */ = {
			isa = PBXNativeTarget;
			buildConfigurationList = 6005CB841F9D3FDA00C8A311 /* Build configuration list for PBXNativeTarget "LFMAppTests" */;
			buildPhases = (
				6005CB691F9D3FD900C8A311 /* Sources */,
				6005CB6A1F9D3FD900C8A311 /* Frameworks */,
				6005CB6B1F9D3FD900C8A311 /* Resources */,
			);
			buildRules = (
			);
			dependencies = (
				6005CB6F1F9D3FD900C8A311 /* PBXTargetDependency */,
			);
			name = LFMAppTests;
			productName = LFMAppTests;
			productReference = 6005CB6D1F9D3FD900C8A311 /* LFMAppTests.xctest */;
			productType = "com.apple.product-type.bundle.unit-test";
		};
		6005CB771F9D3FDA00C8A311 /* LFMAppUITests */ = {
			isa = PBXNativeTarget;
			buildConfigurationList = 6005CB871F9D3FDA00C8A311 /* Build configuration list for PBXNativeTarget "LFMAppUITests" */;
			buildPhases = (
				6005CB741F9D3FDA00C8A311 /* Sources */,
				6005CB751F9D3FDA00C8A311 /* Frameworks */,
				6005CB761F9D3FDA00C8A311 /* Resources */,
			);
			buildRules = (
			);
			dependencies = (
				6005CB7A1F9D3FDA00C8A311 /* PBXTargetDependency */,
			);
			name = LFMAppUITests;
			productName = LFMAppUITests;
			productReference = 6005CB781F9D3FDA00C8A311 /* LFMAppUITests.xctest */;
			productType = "com.apple.product-type.bundle.ui-testing";
		};
/* End PBXNativeTarget section */

/* Begin PBXProject section */
		6005CB511F9D3FD900C8A311 /* Project object */ = {
			isa = PBXProject;
			attributes = {
				LastSwiftUpdateCheck = 0900;
				LastUpgradeCheck = 0900;
				ORGANIZATIONNAME = curiousit;
				TargetAttributes = {
					6005CB581F9D3FD900C8A311 = {
						CreatedOnToolsVersion = 9.0;
						ProvisioningStyle = Automatic;
					};
					6005CB6C1F9D3FD900C8A311 = {
						CreatedOnToolsVersion = 9.0;
						ProvisioningStyle = Automatic;
						TestTargetID = 6005CB581F9D3FD900C8A311;
					};
					6005CB771F9D3FDA00C8A311 = {
						CreatedOnToolsVersion = 9.0;
						ProvisioningStyle = Automatic;
						TestTargetID = 6005CB581F9D3FD900C8A311;
					};
				};
			};
			buildConfigurationList = 6005CB541F9D3FD900C8A311 /* Build configuration list for PBXProject "LFMApp" */;
			compatibilityVersion = "Xcode 8.0";
			developmentRegion = en;
			hasScannedForEncodings = 0;
			knownRegions = (
				en,
				Base,
			);
			mainGroup = 6005CB501F9D3FD900C8A311;
			productRefGroup = 6005CB5A1F9D3FD900C8A311 /* Products */;
			projectDirPath = "";
			projectRoot = "";
			targets = (
				6005CB581F9D3FD900C8A311 /* LFMApp */,
				6005CB6C1F9D3FD900C8A311 /* LFMAppTests */,
				6005CB771F9D3FDA00C8A311 /* LFMAppUITests */,
			);
		};
/* End PBXProject section */

/* Begin PBXResourcesBuildPhase section */
		6005CB571F9D3FD900C8A311 /* Resources */ = {
			isa = PBXResourcesBuildPhase;
			buildActionMask = 2147483647;
			files = (
				6005CB671F9D3FD900C8A311 /* LaunchScreen.storyboard in Resources */,
				6005CB641F9D3FD900C8A311 /* Assets.xcassets in Resources */,
				6005CB621F9D3FD900C8A311 /* Main.storyboard in Resources */,
			);
			runOnlyForDeploymentPostprocessing = 0;
		};
		6005CB6B1F9D3FD900C8A311 /* Resources */ = {
			isa = PBXResourcesBuildPhase;
			buildActionMask = 2147483647;
			files = (
			);
			runOnlyForDeploymentPostprocessing = 0;
		};
		6005CB761F9D3FDA00C8A311 /* Resources */ = {
			isa = PBXResourcesBuildPhase;
			buildActionMask = 2147483647;
			files = (
			);
			runOnlyForDeploymentPostprocessing = 0;
		};
/* End PBXResourcesBuildPhase section */

/* Begin PBXSourcesBuildPhase section */
		6005CB551F9D3FD900C8A311 /* Sources */ = {
			isa = PBXSourcesBuildPhase;
			buildActionMask = 2147483647;
			files = (
				6005CB5F1F9D3FD900C8A311 /* ViewController.swift in Sources */,
				6005CBA01F9D461600C8A311 /* LFMAlbum.swift in Sources */,
				6005CB9C1F9D41B900C8A311 /* LFMConstants.swift in Sources */,
				6005CB5D1F9D3FD900C8A311 /* AppDelegate.swift in Sources */,
				6005CB9E1F9D439000C8A311 /* LFMAlbumData.swift in Sources */,
			);
			runOnlyForDeploymentPostprocessing = 0;
		};
		6005CB691F9D3FD900C8A311 /* Sources */ = {
			isa = PBXSourcesBuildPhase;
			buildActionMask = 2147483647;
			files = (
				6005CB721F9D3FDA00C8A311 /* LFMAppTests.swift in Sources */,
				6005CBA21F9D476E00C8A311 /* LFMAlbumTests.swift in Sources */,
				6005CB9A1F9D412800C8A311 /* LFMAlbumDataTests.swift in Sources */,
			);
			runOnlyForDeploymentPostprocessing = 0;
		};
		6005CB741F9D3FDA00C8A311 /* Sources */ = {
			isa = PBXSourcesBuildPhase;
			buildActionMask = 2147483647;
			files = (
				6005CB7D1F9D3FDA00C8A311 /* LFMAppUITests.swift in Sources */,
			);
			runOnlyForDeploymentPostprocessing = 0;
		};
/* End PBXSourcesBuildPhase section */

/* Begin PBXTargetDependency section */
		6005CB6F1F9D3FD900C8A311 /* PBXTargetDependency */ = {
			isa = PBXTargetDependency;
			target = 6005CB581F9D3FD900C8A311 /* LFMApp */;
			targetProxy = 6005CB6E1F9D3FD900C8A311 /* PBXContainerItemProxy */;
		};
		6005CB7A1F9D3FDA00C8A311 /* PBXTargetDependency */ = {
			isa = PBXTargetDependency;
			target = 6005CB581F9D3FD900C8A311 /* LFMApp */;
			targetProxy = 6005CB791F9D3FDA00C8A311 /* PBXContainerItemProxy */;
		};
/* End PBXTargetDependency section */

/* Begin PBXVariantGroup section */
		6005CB601F9D3FD900C8A311 /* Main.storyboard */ = {
			isa = PBXVariantGroup;
			children = (
				6005CB611F9D3FD900C8A311 /* Base */,
			);
			name = Main.storyboard;
			sourceTree = "<group>";
		};
		6005CB651F9D3FD900C8A311 /* LaunchScreen.storyboard */ = {
			isa = PBXVariantGroup;
			children = (
				6005CB661F9D3FD900C8A311 /* Base */,
			);
			name = LaunchScreen.storyboard;
			sourceTree = "<group>";
		};
/* End PBXVariantGroup section */

/* Begin XCBuildConfiguration section */
		6005CB7F1F9D3FDA00C8A311 /* Debug */ = {
			isa = XCBuildConfiguration;
			buildSettings = {
				ALWAYS_SEARCH_USER_PATHS = NO;
				CLANG_ANALYZER_NONNULL = YES;
				CLANG_ANALYZER_NUMBER_OBJECT_CONVERSION = YES_AGGRESSIVE;
				CLANG_CXX_LANGUAGE_STANDARD = "gnu++14";
				CLANG_CXX_LIBRARY = "libc++";
				CLANG_ENABLE_MODULES = YES;
				CLANG_ENABLE_OBJC_ARC = YES;
				CLANG_WARN_BLOCK_CAPTURE_AUTORELEASING = YES;
				CLANG_WARN_BOOL_CONVERSION = YES;
				CLANG_WARN_COMMA = YES;
				CLANG_WARN_CONSTANT_CONVERSION = YES;
				CLANG_WARN_DIRECT_OBJC_ISA_USAGE = YES_ERROR;
				CLANG_WARN_DOCUMENTATION_COMMENTS = YES;
				CLANG_WARN_EMPTY_BODY = YES;
				CLANG_WARN_ENUM_CONVERSION = YES;
				CLANG_WARN_INFINITE_RECURSION = YES;
				CLANG_WARN_INT_CONVERSION = YES;
				CLANG_WARN_NON_LITERAL_NULL_CONVERSION = YES;
				CLANG_WARN_OBJC_LITERAL_CONVERSION = YES;
				CLANG_WARN_OBJC_ROOT_CLASS = YES_ERROR;
				CLANG_WARN_RANGE_LOOP_ANALYSIS = YES;
				CLANG_WARN_STRICT_PROTOTYPES = YES;
				CLANG_WARN_SUSPICIOUS_MOVE = YES;
				CLANG_WARN_UNGUARDED_AVAILABILITY = YES_AGGRESSIVE;
				CLANG_WARN_UNREACHABLE_CODE = YES;
				CLANG_WARN__DUPLICATE_METHOD_MATCH = YES;
				CODE_SIGN_IDENTITY = "iPhone Developer";
				COPY_PHASE_STRIP = NO;
				DEBUG_INFORMATION_FORMAT = dwarf;
				ENABLE_STRICT_OBJC_MSGSEND = YES;
				ENABLE_TESTABILITY = YES;
				GCC_C_LANGUAGE_STANDARD = gnu11;
				GCC_DYNAMIC_NO_PIC = NO;
				GCC_NO_COMMON_BLOCKS = YES;
				GCC_OPTIMIZATION_LEVEL = 0;
				GCC_PREPROCESSOR_DEFINITIONS = (
					"DEBUG=1",
					"$(inherited)",
				);
				GCC_WARN_64_TO_32_BIT_CONVERSION = YES;
				GCC_WARN_ABOUT_RETURN_TYPE = YES_ERROR;
				GCC_WARN_UNDECLARED_SELECTOR = YES;
				GCC_WARN_UNINITIALIZED_AUTOS = YES_AGGRESSIVE;
				GCC_WARN_UNUSED_FUNCTION = YES;
				GCC_WARN_UNUSED_VARIABLE = YES;
				IPHONEOS_DEPLOYMENT_TARGET = 11.0;
				MTL_ENABLE_DEBUG_INFO = YES;
				ONLY_ACTIVE_ARCH = YES;
				SDKROOT = iphoneos;
				SWIFT_ACTIVE_COMPILATION_CONDITIONS = DEBUG;
				SWIFT_OPTIMIZATION_LEVEL = "-Onone";
			};
			name = Debug;
		};
		6005CB801F9D3FDA00C8A311 /* Release */ = {
			isa = XCBuildConfiguration;
			buildSettings = {
				ALWAYS_SEARCH_USER_PATHS = NO;
				CLANG_ANALYZER_NONNULL = YES;
				CLANG_ANALYZER_NUMBER_OBJECT_CONVERSION = YES_AGGRESSIVE;
				CLANG_CXX_LANGUAGE_STANDARD = "gnu++14";
				CLANG_CXX_LIBRARY = "libc++";
				CLANG_ENABLE_MODULES = YES;
				CLANG_ENABLE_OBJC_ARC = YES;
				CLANG_WARN_BLOCK_CAPTURE_AUTORELEASING = YES;
				CLANG_WARN_BOOL_CONVERSION = YES;
				CLANG_WARN_COMMA = YES;
				CLANG_WARN_CONSTANT_CONVERSION = YES;
				CLANG_WARN_DIRECT_OBJC_ISA_USAGE = YES_ERROR;
				CLANG_WARN_DOCUMENTATION_COMMENTS = YES;
				CLANG_WARN_EMPTY_BODY = YES;
				CLANG_WARN_ENUM_CONVERSION = YES;
				CLANG_WARN_INFINITE_RECURSION = YES;
				CLANG_WARN_INT_CONVERSION = YES;
				CLANG_WARN_NON_LITERAL_NULL_CONVERSION = YES;
				CLANG_WARN_OBJC_LITERAL_CONVERSION = YES;
				CLANG_WARN_OBJC_ROOT_CLASS = YES_ERROR;
				CLANG_WARN_RANGE_LOOP_ANALYSIS = YES;
				CLANG_WARN_STRICT_PROTOTYPES = YES;
				CLANG_WARN_SUSPICIOUS_MOVE = YES;
				CLANG_WARN_UNGUARDED_AVAILABILITY = YES_AGGRESSIVE;
				CLANG_WARN_UNREACHABLE_CODE = YES;
				CLANG_WARN__DUPLICATE_METHOD_MATCH = YES;
				CODE_SIGN_IDENTITY = "iPhone Developer";
				COPY_PHASE_STRIP = NO;
				DEBUG_INFORMATION_FORMAT = "dwarf-with-dsym";
				ENABLE_NS_ASSERTIONS = NO;
				ENABLE_STRICT_OBJC_MSGSEND = YES;
				GCC_C_LANGUAGE_STANDARD = gnu11;
				GCC_NO_COMMON_BLOCKS = YES;
				GCC_WARN_64_TO_32_BIT_CONVERSION = YES;
				GCC_WARN_ABOUT_RETURN_TYPE = YES_ERROR;
				GCC_WARN_UNDECLARED_SELECTOR = YES;
				GCC_WARN_UNINITIALIZED_AUTOS = YES_AGGRESSIVE;
				GCC_WARN_UNUSED_FUNCTION = YES;
				GCC_WARN_UNUSED_VARIABLE = YES;
				IPHONEOS_DEPLOYMENT_TARGET = 11.0;
				MTL_ENABLE_DEBUG_INFO = NO;
				SDKROOT = iphoneos;
				SWIFT_OPTIMIZATION_LEVEL = "-Owholemodule";
				VALIDATE_PRODUCT = YES;
			};
			name = Release;
		};
		6005CB821F9D3FDA00C8A311 /* Debug */ = {
			isa = XCBuildConfiguration;
			buildSettings = {
				ASSETCATALOG_COMPILER_APPICON_NAME = AppIcon;
				CODE_SIGN_STYLE = Automatic;
				DEVELOPMENT_TEAM = FDWXGY5835;
				INFOPLIST_FILE = LFMApp/Info.plist;
				LD_RUNPATH_SEARCH_PATHS = "$(inherited) @executable_path/Frameworks";
				PRODUCT_BUNDLE_IDENTIFIER = co.uk.curiousit.LFMApp;
				PRODUCT_NAME = "$(TARGET_NAME)";
				SWIFT_VERSION = 4.0;
				TARGETED_DEVICE_FAMILY = "1,2";
			};
			name = Debug;
		};
		6005CB831F9D3FDA00C8A311 /* Release */ = {
			isa = XCBuildConfiguration;
			buildSettings = {
				ASSETCATALOG_COMPILER_APPICON_NAME = AppIcon;
				CODE_SIGN_STYLE = Automatic;
				DEVELOPMENT_TEAM = FDWXGY5835;
				INFOPLIST_FILE = LFMApp/Info.plist;
				LD_RUNPATH_SEARCH_PATHS = "$(inherited) @executable_path/Frameworks";
				PRODUCT_BUNDLE_IDENTIFIER = co.uk.curiousit.LFMApp;
				PRODUCT_NAME = "$(TARGET_NAME)";
				SWIFT_VERSION = 4.0;
				TARGETED_DEVICE_FAMILY = "1,2";
			};
			name = Release;
		};
		6005CB851F9D3FDA00C8A311 /* Debug */ = {
			isa = XCBuildConfiguration;
			buildSettings = {
				ALWAYS_EMBED_SWIFT_STANDARD_LIBRARIES = YES;
				BUNDLE_LOADER = "$(TEST_HOST)";
				CODE_SIGN_STYLE = Automatic;
				DEVELOPMENT_TEAM = FDWXGY5835;
				INFOPLIST_FILE = LFMAppTests/Info.plist;
				LD_RUNPATH_SEARCH_PATHS = "$(inherited) @executable_path/Frameworks @loader_path/Frameworks";
				PRODUCT_BUNDLE_IDENTIFIER = co.uk.curiousit.LFMAppTests;
				PRODUCT_NAME = "$(TARGET_NAME)";
				SWIFT_VERSION = 4.0;
				TARGETED_DEVICE_FAMILY = "1,2";
				TEST_HOST = "$(BUILT_PRODUCTS_DIR)/LFMApp.app/LFMApp";
			};
			name = Debug;
		};
		6005CB861F9D3FDA00C8A311 /* Release */ = {
			isa = XCBuildConfiguration;
			buildSettings = {
				ALWAYS_EMBED_SWIFT_STANDARD_LIBRARIES = YES;
				BUNDLE_LOADER = "$(TEST_HOST)";
				CODE_SIGN_STYLE = Automatic;
				DEVELOPMENT_TEAM = FDWXGY5835;
				INFOPLIST_FILE = LFMAppTests/Info.plist;
				LD_RUNPATH_SEARCH_PATHS = "$(inherited) @executable_path/Frameworks @loader_path/Frameworks";
				PRODUCT_BUNDLE_IDENTIFIER = co.uk.curiousit.LFMAppTests;
				PRODUCT_NAME = "$(TARGET_NAME)";
				SWIFT_VERSION = 4.0;
				TARGETED_DEVICE_FAMILY = "1,2";
				TEST_HOST = "$(BUILT_PRODUCTS_DIR)/LFMApp.app/LFMApp";
			};
			name = Release;
		};
		6005CB881F9D3FDA00C8A311 /* Debug */ = {
			isa = XCBuildConfiguration;
			buildSettings = {
				ALWAYS_EMBED_SWIFT_STANDARD_LIBRARIES = YES;
				CODE_SIGN_STYLE = Automatic;
				DEVELOPMENT_TEAM = FDWXGY5835;
				INFOPLIST_FILE = LFMAppUITests/Info.plist;
				LD_RUNPATH_SEARCH_PATHS = "$(inherited) @executable_path/Frameworks @loader_path/Frameworks";
				PRODUCT_BUNDLE_IDENTIFIER = co.uk.curiousit.LFMAppUITests;
				PRODUCT_NAME = "$(TARGET_NAME)";
				SWIFT_VERSION = 4.0;
				TARGETED_DEVICE_FAMILY = "1,2";
				TEST_TARGET_NAME = LFMApp;
			};
			name = Debug;
		};
		6005CB891F9D3FDA00C8A311 /* Release */ = {
			isa = XCBuildConfiguration;
			buildSettings = {
				ALWAYS_EMBED_SWIFT_STANDARD_LIBRARIES = YES;
				CODE_SIGN_STYLE = Automatic;
				DEVELOPMENT_TEAM = FDWXGY5835;
				INFOPLIST_FILE = LFMAppUITests/Info.plist;
				LD_RUNPATH_SEARCH_PATHS = "$(inherited) @executable_path/Frameworks @loader_path/Frameworks";
				PRODUCT_BUNDLE_IDENTIFIER = co.uk.curiousit.LFMAppUITests;
				PRODUCT_NAME = "$(TARGET_NAME)";
				SWIFT_VERSION = 4.0;
				TARGETED_DEVICE_FAMILY = "1,2";
				TEST_TARGET_NAME = LFMApp;
			};
			name = Release;
		};
/* End XCBuildConfiguration section */

/* Begin XCConfigurationList section */
		6005CB541F9D3FD900C8A311 /* Build configuration list for PBXProject "LFMApp" */ = {
			isa = XCConfigurationList;
			buildConfigurations = (
				6005CB7F1F9D3FDA00C8A311 /* Debug */,
				6005CB801F9D3FDA00C8A311 /* Release */,
			);
			defaultConfigurationIsVisible = 0;
			defaultConfigurationName = Release;
		};
		6005CB811F9D3FDA00C8A311 /* Build configuration list for PBXNativeTarget "LFMApp" */ = {
			isa = XCConfigurationList;
			buildConfigurations = (
				6005CB821F9D3FDA00C8A311 /* Debug */,
				6005CB831F9D3FDA00C8A311 /* Release */,
			);
			defaultConfigurationIsVisible = 0;
			defaultConfigurationName = Release;
		};
		6005CB841F9D3FDA00C8A311 /* Build configuration list for PBXNativeTarget "LFMAppTests" */ = {
			isa = XCConfigurationList;
			buildConfigurations = (
				6005CB851F9D3FDA00C8A311 /* Debug */,
				6005CB861F9D3FDA00C8A311 /* Release */,
			);
			defaultConfigurationIsVisible = 0;
			defaultConfigurationName = Release;
		};
		6005CB871F9D3FDA00C8A311 /* Build configuration list for PBXNativeTarget "LFMAppUITests" */ = {
			isa = XCConfigurationList;
			buildConfigurations = (
				6005CB881F9D3FDA00C8A311 /* Debug */,
				6005CB891F9D3FDA00C8A311 /* Release */,
			);
			defaultConfigurationIsVisible = 0;
			defaultConfigurationName = Release;
		};
/* End XCConfigurationList section */
	};
	rootObject = 6005CB511F9D3FD900C8A311 /* Project object */;
}
